{
  "requires": true,
  "lockfileVersion": 1,
  "dependencies": {
    "@angular/common": {
      "version": "7.0.0",
      "resolved": "https://registry.npmjs.org/@angular/common/-/common-7.0.0.tgz",
      "integrity": "sha512-jp6MA6EOq/a1m+F0c1aZC345pAYYYFpN1m7GMM91JlqkjzJMhyYVk+Bod9xQOEWadcpY+RFudG+jRsPCMO8bvQ==",
      "requires": {
        "tslib": "1.9.3"
      }
    },
    "@angular/compiler": {
      "version": "7.0.0",
      "resolved": "https://registry.npmjs.org/@angular/compiler/-/compiler-7.0.0.tgz",
      "integrity": "sha512-4fkohfGyG1BEpeYenOartuJmduyZ/R3XQx46hDDiR/9A8/Go4qLGkgr9Bd/JL/gPIR1XAHH9D5ii2sh+28ZEmA==",
      "requires": {
        "tslib": "1.9.3"
      }
    },
    "@angular/core": {
      "version": "7.0.0",
      "resolved": "https://registry.npmjs.org/@angular/core/-/core-7.0.0.tgz",
      "integrity": "sha512-DjVyWNGBWKEeBvxeXy8FGBNlnr/W/tNygOZEd6/uCktcXTG4DNyNQrWuNZUKEpr7RuIT3YVMj+UNwgTq0jB/9g==",
      "requires": {
        "tslib": "1.9.3"
      }
    },
    "@angular/platform-browser": {
      "version": "7.0.0",
      "resolved": "https://registry.npmjs.org/@angular/platform-browser/-/platform-browser-7.0.0.tgz",
      "integrity": "sha512-XyvL30d6meJ+SXlOmdR+sxoLdSvkQdmVNvpdvUzAHC/EqwA/byg4V3bTe5lpZmypclgFCjkGoTsz6uOnnwlQhw==",
      "requires": {
        "tslib": "1.9.3"
      }
    },
    "@angular/platform-browser-dynamic": {
      "version": "7.0.0",
      "resolved": "https://registry.npmjs.org/@angular/platform-browser-dynamic/-/platform-browser-dynamic-7.0.0.tgz",
      "integrity": "sha512-lH2KuH+Em1y/mTOE6yTJmsOxYkMbYKzKLP9gYzc9vZu3er1df6Jx6jxefeBmAr9v+kNCLnpnHWHz2y4GzAesJA==",
      "requires": {
        "tslib": "1.9.3"
      }
    },
    "@fortawesome/angular-fontawesome": {
      "version": "github:fortawesome/angular-fontawesome#e0a3cb42ab282931ea046cb6010e9a9dd936128a",
      "requires": {
        "@angular/common": "7.0.0",
        "@angular/compiler": "7.0.0",
        "@angular/core": "7.0.0",
        "@angular/platform-browser": "7.0.0",
        "@angular/platform-browser-dynamic": "7.0.0",
        "@fortawesome/fontawesome-svg-core": "1.2.6",
        "@fortawesome/free-regular-svg-icons": "5.4.1",
        "@fortawesome/free-solid-svg-icons": "5.4.1",
        "core-js": "2.5.7",
        "rxjs": "6.3.3",
        "zone.js": "0.8.26"
      }
    },
    "@fortawesome/fontawesome-common-types": {
      "version": "0.2.6",
      "resolved": "https://registry.npmjs.org/@fortawesome/fontawesome-common-types/-/fontawesome-common-types-0.2.6.tgz",
      "integrity": "sha512-AoBpRaR7IVaXgF2rh0G6cY+WSQhGqDf+JheJMGoSH0E0YjVIUxwha7Nf0SuwQuSQe1GwxZbuaoPUTXA74cRS3w=="
    },
    "@fortawesome/fontawesome-svg-core": {
      "version": "1.2.6",
      "resolved": "https://registry.npmjs.org/@fortawesome/fontawesome-svg-core/-/fontawesome-svg-core-1.2.6.tgz",
      "integrity": "sha512-784NAqscnUuMZmf7eNSOn2L71VecLQAkEhfyYzTYnh6i+ycxy7tvpw4Ys4wc6RiglKqTddWRkWBZZ9uGAtfoWg==",
      "requires": {
        "@fortawesome/fontawesome-common-types": "0.2.6"
      }
    },
    "@fortawesome/free-regular-svg-icons": {
      "version": "5.4.1",
      "resolved": "https://registry.npmjs.org/@fortawesome/free-regular-svg-icons/-/free-regular-svg-icons-5.4.1.tgz",
      "integrity": "sha512-qRSt/qqrACktOzozps1tSjpsu8KA22Bl0SP4v2sQRWScKVdC9UemELqWUKN/TXuKwQzXbveN0peiwrwUdYZlOw==",
      "requires": {
        "@fortawesome/fontawesome-common-types": "0.2.6"
      }
    },
    "@fortawesome/free-solid-svg-icons": {
      "version": "5.4.1",
      "resolved": "https://registry.npmjs.org/@fortawesome/free-solid-svg-icons/-/free-solid-svg-icons-5.4.1.tgz",
      "integrity": "sha512-GRYr+T0sAnfjImhDJt6Gko3sW554+/fEUHgDFJonEEFYLbfLyv6Qn5i/VB8nXcJJLgqHbVwIvwH5Ol3IehIjow==",
      "requires": {
        "@fortawesome/fontawesome-common-types": "0.2.6"
      }
    },
    "core-js": {
      "version": "2.5.7",
      "resolved": "https://registry.npmjs.org/core-js/-/core-js-2.5.7.tgz",
      "integrity": "sha512-RszJCAxg/PP6uzXVXL6BsxSXx/B05oJAQ2vkJRjyjrEcNVycaqOmNb5OTxZPE3xa5gwZduqza6L9JOCenh/Ecw=="
    },
    "font-awesome": {
      "version": "4.7.0",
      "resolved": "https://registry.npmjs.org/font-awesome/-/font-awesome-4.7.0.tgz",
      "integrity": "sha1-j6jPBBGhoxr9B7BtKQK7n8gVoTM="
    },
    "rxjs": {
      "version": "6.3.3",
      "resolved": "https://registry.npmjs.org/rxjs/-/rxjs-6.3.3.tgz",
      "integrity": "sha512-JTWmoY9tWCs7zvIk/CvRjhjGaOd+OVBM987mxFo+OW66cGpdKjZcpmc74ES1sB//7Kl/PAe8+wEakuhG4pcgOw==",
      "requires": {
        "tslib": "1.9.3"
      }
    },
    "tslib": {
      "version": "1.9.3",
      "resolved": "https://registry.npmjs.org/tslib/-/tslib-1.9.3.tgz",
      "integrity": "sha512-4krF8scpejhaOgqzBEcGM7yDIEfi0/8+8zDRZhNZZ2kjmHJ4hv3zCbQWxoJGz1iw5U0Jl0nma13xzHXcncMavQ=="
    },
    "zone.js": {
      "version": "0.8.26",
      "resolved": "https://registry.npmjs.org/zone.js/-/zone.js-0.8.26.tgz",
      "integrity": "sha512-W9Nj+UmBJG251wkCacIkETgra4QgBo/vgoEkb4a2uoLzpQG7qF9nzwoLXWU5xj3Fg2mxGvEDh47mg24vXccYjA=="
    }
  }
}
